
Microsoft Visual Studio Solution File, Format Version 12.00
# Visual Studio Version 16
VisualStudioVersion = 16.0.34031.81
MinimumVisualStudioVersion = 10.0.40219.1
Project("{8BC9CEB8-8B4A-11D0-8D11-00A0C91BC942}") = "base", "base\base.vcxproj", "{72779E8F-8E6B-45A0-9C90-111A873434A4}"
EndProject
Project("{8BC9CEB8-8B4A-11D0-8D11-00A0C91BC942}") = "1三角形-VBO", "2.你好三角形\三角形.vcxproj", "{88034660-4DEE-4B2F-8F03-9993BEB71A71}"
EndProject
Project("{8BC9CEB8-8B4A-11D0-8D11-00A0C91BC942}") = "2三角形-VAO", "2.你好三角形-VAO&VBO\三角形VAO-VBO.vcxproj", "{55BDA852-62BD-4D56-9D1D-DAC19FDD8F29}"
EndProject
Project("{8BC9CEB8-8B4A-11D0-8D11-00A0C91BC942}") = "3四边形", "2.四边形\四边形.vcxproj", "{03C8C3DF-996A-4C00-8196-DF0216BD599B}"
EndProject
Project("{8BC9CEB8-8B4A-11D0-8D11-00A0C91BC942}") = "4四边形EBO", "2.四边形 - EBO\四边形vbo.vcxproj", "{68861A0A-0BC6-406D-885E-ABFBDE7C3759}"
EndProject
Global
	GlobalSection(SolutionConfigurationPlatforms) = preSolution
		Debug|x64 = Debug|x64
		Debug|x86 = Debug|x86
		Release|x64 = Release|x64
		Release|x86 = Release|x86
	EndGlobalSection
	GlobalSection(ProjectConfigurationPlatforms) = postSolution
		{72779E8F-8E6B-45A0-9C90-111A873434A4}.Debug|x64.ActiveCfg = Debug|x64
		{72779E8F-8E6B-45A0-9C90-111A873434A4}.Debug|x64.Build.0 = Debug|x64
		{72779E8F-8E6B-45A0-9C90-111A873434A4}.Debug|x86.ActiveCfg = Debug|Win32
		{72779E8F-8E6B-45A0-9C90-111A873434A4}.Debug|x86.Build.0 = Debug|Win32
		{72779E8F-8E6B-45A0-9C90-111A873434A4}.Release|x64.ActiveCfg = Release|x64
		{72779E8F-8E6B-45A0-9C90-111A873434A4}.Release|x64.Build.0 = Release|x64
		{72779E8F-8E6B-45A0-9C90-111A873434A4}.Release|x86.ActiveCfg = Release|Win32
		{72779E8F-8E6B-45A0-9C90-111A873434A4}.Release|x86.Build.0 = Release|Win32
		{88034660-4DEE-4B2F-8F03-9993BEB71A71}.Debug|x64.ActiveCfg = Debug|x64
		{88034660-4DEE-4B2F-8F03-9993BEB71A71}.Debug|x64.Build.0 = Debug|x64
		{88034660-4DEE-4B2F-8F03-9993BEB71A71}.Debug|x86.ActiveCfg = Debug|Win32
		{88034660-4DEE-4B2F-8F03-9993BEB71A71}.Debug|x86.Build.0 = Debug|Win32
		{88034660-4DEE-4B2F-8F03-9993BEB71A71}.Release|x64.ActiveCfg = Release|x64
		{88034660-4DEE-4B2F-8F03-9993BEB71A71}.Release|x64.Build.0 = Release|x64
		{88034660-4DEE-4B2F-8F03-9993BEB71A71}.Release|x86.ActiveCfg = Release|Win32
		{88034660-4DEE-4B2F-8F03-9993BEB71A71}.Release|x86.Build.0 = Release|Win32
		{55BDA852-62BD-4D56-9D1D-DAC19FDD8F29}.Debug|x64.ActiveCfg = Debug|x64
		{55BDA852-62BD-4D56-9D1D-DAC19FDD8F29}.Debug|x64.Build.0 = Debug|x64
		{55BDA852-62BD-4D56-9D1D-DAC19FDD8F29}.Debug|x86.ActiveCfg = Debug|Win32
		{55BDA852-62BD-4D56-9D1D-DAC19FDD8F29}.Debug|x86.Build.0 = Debug|Win32
		{55BDA852-62BD-4D56-9D1D-DAC19FDD8F29}.Release|x64.ActiveCfg = Release|x64
		{55BDA852-62BD-4D56-9D1D-DAC19FDD8F29}.Release|x64.Build.0 = Release|x64
		{55BDA852-62BD-4D56-9D1D-DAC19FDD8F29}.Release|x86.ActiveCfg = Release|Win32
		{55BDA852-62BD-4D56-9D1D-DAC19FDD8F29}.Release|x86.Build.0 = Release|Win32
		{03C8C3DF-996A-4C00-8196-DF0216BD599B}.Debug|x64.ActiveCfg = Debug|x64
		{03C8C3DF-996A-4C00-8196-DF0216BD599B}.Debug|x64.Build.0 = Debug|x64
		{03C8C3DF-996A-4C00-8196-DF0216BD599B}.Debug|x86.ActiveCfg = Debug|Win32
		{03C8C3DF-996A-4C00-8196-DF0216BD599B}.Debug|x86.Build.0 = Debug|Win32
		{03C8C3DF-996A-4C00-8196-DF0216BD599B}.Release|x64.ActiveCfg = Release|x64
		{03C8C3DF-996A-4C00-8196-DF0216BD599B}.Release|x64.Build.0 = Release|x64
		{03C8C3DF-996A-4C00-8196-DF0216BD599B}.Release|x86.ActiveCfg = Release|Win32
		{03C8C3DF-996A-4C00-8196-DF0216BD599B}.Release|x86.Build.0 = Release|Win32
		{68861A0A-0BC6-406D-885E-ABFBDE7C3759}.Debug|x64.ActiveCfg = Debug|x64
		{68861A0A-0BC6-406D-885E-ABFBDE7C3759}.Debug|x64.Build.0 = Debug|x64
		{68861A0A-0BC6-406D-885E-ABFBDE7C3759}.Debug|x86.ActiveCfg = Debug|Win32
		{68861A0A-0BC6-406D-885E-ABFBDE7C3759}.Debug|x86.Build.0 = Debug|Win32
		{68861A0A-0BC6-406D-885E-ABFBDE7C3759}.Release|x64.ActiveCfg = Release|x64
		{68861A0A-0BC6-406D-885E-ABFBDE7C3759}.Release|x64.Build.0 = Release|x64
		{68861A0A-0BC6-406D-885E-ABFBDE7C3759}.Release|x86.ActiveCfg = Release|Win32
		{68861A0A-0BC6-406D-885E-ABFBDE7C3759}.Release|x86.Build.0 = Release|Win32
	EndGlobalSection
	GlobalSection(SolutionProperties) = preSolution
		HideSolutionNode = FALSE
	EndGlobalSection
	GlobalSection(ExtensibilityGlobals) = postSolution
		SolutionGuid = {EF8A0A18-7AFD-4671-B84E-E6B67FEDBC0B}
	EndGlobalSection
EndGlobal
